<Solution>
  <Folder Name="/src/">
    <Project Path="src/RoseMcp.Broker/RoseMcp.Broker.csproj" />
    <Project Path="src/RoseMcp.Contracts/RoseMcp.Contracts.csproj" />
    <Project Path="src/RoseMcp.LiveApp/RoseMcp.LiveApp.csproj" />
    <Project Path="src/RoseMcp.Logging/RoseMcp.Logging.csproj" />
    <Project Path="src/RoseMcp.Server/RoseMcp.Server.csproj" />
    <Project Path="src/RoseMcp.Solutions/RoseMcp.Solutions.csproj" />
    <Project Path="src/RoseMcp.XamlStubs/RoseMcp.XamlStubs.csproj" />
    <Project Path="src/RoseMcp.Tray/RoseMcp.Tray.csproj">
      <Platform Project="x64" />
    </Project>
    <Project Path="src/RoseMcp.Worker/RoseMcp.Worker.csproj" />
  </Folder>
  <Folder Name="/tests/">
    <Project Path="tests/DebugProbeTarget/DebugProbeTarget.csproj" />
    <Project Path="tests/RoseMcp.TestSupport/RoseMcp.TestSupport.csproj" />
    <Project Path="tests/RoseMcp.UnitTests/RoseMcp.UnitTests.csproj" />
    <Project Path="tests/RoseMcp.IntegrationTests/RoseMcp.IntegrationTests.csproj" />
  </Folder>
</Solution>
