<Solution>
  <Folder Name="/src/">
    <Project Path="src/RoslynMcp.Broker/RoslynMcp.Broker.csproj" />
    <Project Path="src/RoslynMcp.Contracts/RoslynMcp.Contracts.csproj" />
    <Project Path="src/RoslynMcp.Server/RoslynMcp.Server.csproj" />
    <Project Path="src/RoslynMcp.Tray/RoslynMcp.Tray.csproj">
      <Platform Project="x64" />
    </Project>
    <Project Path="src/RoslynMcp.Worker/RoslynMcp.Worker.csproj" />
  </Folder>
  <Folder Name="/tests/">
    <Project Path="tests/RoslynMcp.Worker.Tests/RoslynMcp.Worker.Tests.csproj" />
  </Folder>
</Solution>
